// !$*UTF8*$!
{
	archiveVersion = 1;
	classes = {
	};
	objectVersion = 46;
	objects = {

/* Begin PBXBuildFile section */
		D05A1DA61C6C63370036ACC3 /* ListTableViewCell.swift in Sources */ = {isa = PBXBuildFile; fileRef = D05A1DA41C6C63370036ACC3 /* ListTableViewCell.swift */; };
		D05A1DA71C6C63370036ACC3 /* ListTableViewCell.xib in Resources */ = {isa = PBXBuildFile; fileRef = D05A1DA51C6C63370036ACC3 /* ListTableViewCell.xib */; };
		D06969B71C6E12F6008EAF43 /* Contents.json in Resources */ = {isa = PBXBuildFile; fileRef = D06969A11C6E12F6008EAF43 /* Contents.json */; };
		D06969B81C6E12F6008EAF43 /* Icon-40.png in Resources */ = {isa = PBXBuildFile; fileRef = D06969A21C6E12F6008EAF43 /* Icon-40.png */; };
		D06969B91C6E12F6008EAF43 /* Icon-40@2x.png in Resources */ = {isa = PBXBuildFile; fileRef = D06969A31C6E12F6008EAF43 /* Icon-40@2x.png */; };
		D06969BA1C6E12F6008EAF43 /* Icon-40@3x.png in Resources */ = {isa = PBXBuildFile; fileRef = D06969A41C6E12F6008EAF43 /* Icon-40@3x.png */; };
		D06969BB1C6E12F6008EAF43 /* Icon-60@2x.png in Resources */ = {isa = PBXBuildFile; fileRef = D06969A51C6E12F6008EAF43 /* Icon-60@2x.png */; };
		D06969BC1C6E12F6008EAF43 /* Icon-60@3x.png in Resources */ = {isa = PBXBuildFile; fileRef = D06969A61C6E12F6008EAF43 /* Icon-60@3x.png */; };
		D06969BD1C6E12F6008EAF43 /* Icon-76.png in Resources */ = {isa = PBXBuildFile; fileRef = D06969A71C6E12F6008EAF43 /* Icon-76.png */; };
		D06969BE1C6E12F6008EAF43 /* Icon-76@2x.png in Resources */ = {isa = PBXBuildFile; fileRef = D06969A81C6E12F6008EAF43 /* Icon-76@2x.png */; };
		D06969BF1C6E12F6008EAF43 /* Icon-83.5@2x.png in Resources */ = {isa = PBXBuildFile; fileRef = D06969A91C6E12F6008EAF43 /* Icon-83.5@2x.png */; };
		D06969C01C6E12F6008EAF43 /* Icon-Small.png in Resources */ = {isa = PBXBuildFile; fileRef = D06969AA1C6E12F6008EAF43 /* Icon-Small.png */; };
		D06969C11C6E12F6008EAF43 /* Icon-Small@2x.png in Resources */ = {isa = PBXBuildFile; fileRef = D06969AB1C6E12F6008EAF43 /* Icon-Small@2x.png */; };
		D06969C21C6E12F6008EAF43 /* Icon-Small@3x.png in Resources */ = {isa = PBXBuildFile; fileRef = D06969AC1C6E12F6008EAF43 /* Icon-Small@3x.png */; };
		D06969C31C6E12F6008EAF43 /* Icon-60.png in Resources */ = {isa = PBXBuildFile; fileRef = D06969AD1C6E12F6008EAF43 /* Icon-60.png */; };
		D06969C41C6E12F6008EAF43 /* Icon-72.png in Resources */ = {isa = PBXBuildFile; fileRef = D06969AE1C6E12F6008EAF43 /* Icon-72.png */; };
		D06969C51C6E12F6008EAF43 /* Icon-72@2x.png in Resources */ = {isa = PBXBuildFile; fileRef = D06969AF1C6E12F6008EAF43 /* Icon-72@2x.png */; };
		D06969C61C6E12F6008EAF43 /* Icon-Small-50.png in Resources */ = {isa = PBXBuildFile; fileRef = D06969B01C6E12F6008EAF43 /* Icon-Small-50.png */; };
		D06969C71C6E12F6008EAF43 /* Icon-Small-50@2x.png in Resources */ = {isa = PBXBuildFile; fileRef = D06969B11C6E12F6008EAF43 /* Icon-Small-50@2x.png */; };
		D06969C81C6E12F6008EAF43 /* Icon.png in Resources */ = {isa = PBXBuildFile; fileRef = D06969B21C6E12F6008EAF43 /* Icon.png */; };
		D06969C91C6E12F6008EAF43 /* Icon@2x.png in Resources */ = {isa = PBXBuildFile; fileRef = D06969B31C6E12F6008EAF43 /* Icon@2x.png */; };
		D06969CA1C6E12F6008EAF43 /* iTunesArtwork.png in Resources */ = {isa = PBXBuildFile; fileRef = D06969B41C6E12F6008EAF43 /* iTunesArtwork.png */; };
		D06969CB1C6E12F6008EAF43 /* iTunesArtwork@2x.png in Resources */ = {isa = PBXBuildFile; fileRef = D06969B51C6E12F6008EAF43 /* iTunesArtwork@2x.png */; };
		D0E033171C6B0B850025B7F8 /* AppDelegate.swift in Sources */ = {isa = PBXBuildFile; fileRef = D0E033161C6B0B850025B7F8 /* AppDelegate.swift */; };
		D0E033191C6B0B850025B7F8 /* ViewController.swift in Sources */ = {isa = PBXBuildFile; fileRef = D0E033181C6B0B850025B7F8 /* ViewController.swift */; };
		D0E0331C1C6B0B860025B7F8 /* Main.storyboard in Resources */ = {isa = PBXBuildFile; fileRef = D0E0331A1C6B0B860025B7F8 /* Main.storyboard */; };
		D0E0331E1C6B0B860025B7F8 /* Assets.xcassets in Resources */ = {isa = PBXBuildFile; fileRef = D0E0331D1C6B0B860025B7F8 /* Assets.xcassets */; };
		D0E033211C6B0B860025B7F8 /* LaunchScreen.storyboard in Resources */ = {isa = PBXBuildFile; fileRef = D0E0331F1C6B0B860025B7F8 /* LaunchScreen.storyboard */; };
		D0E0332C1C6B0B860025B7F8 /* WordListTests.swift in Sources */ = {isa = PBXBuildFile; fileRef = D0E0332B1C6B0B860025B7F8 /* WordListTests.swift */; };
		D0E033371C6B0B860025B7F8 /* WordListUITests.swift in Sources */ = {isa = PBXBuildFile; fileRef = D0E033361C6B0B860025B7F8 /* WordListUITests.swift */; };
		D0E0334C1C6B0C080025B7F8 /* Default-568h@2x.png in Resources */ = {isa = PBXBuildFile; fileRef = D0E033461C6B0C080025B7F8 /* Default-568h@2x.png */; };
		D0E0334D1C6B0C080025B7F8 /* Default-667h@2x.png in Resources */ = {isa = PBXBuildFile; fileRef = D0E033471C6B0C080025B7F8 /* Default-667h@2x.png */; };
		D0E0334E1C6B0C080025B7F8 /* Default-736h@3x.png in Resources */ = {isa = PBXBuildFile; fileRef = D0E033481C6B0C080025B7F8 /* Default-736h@3x.png */; };
		D0E0334F1C6B0C080025B7F8 /* fin.png in Resources */ = {isa = PBXBuildFile; fileRef = D0E033491C6B0C080025B7F8 /* fin.png */; };
		D0E033501C6B0C080025B7F8 /* title_logo.png in Resources */ = {isa = PBXBuildFile; fileRef = D0E0334A1C6B0C080025B7F8 /* title_logo.png */; };
		D0E033511C6B0C080025B7F8 /* word_blank.png in Resources */ = {isa = PBXBuildFile; fileRef = D0E0334B1C6B0C080025B7F8 /* word_blank.png */; };
		D0E033531C6B12DD0025B7F8 /* QuestionViewController.swift in Sources */ = {isa = PBXBuildFile; fileRef = D0E033521C6B12DD0025B7F8 /* QuestionViewController.swift */; };
		D0E033551C6B13330025B7F8 /* FinishViewController.swift in Sources */ = {isa = PBXBuildFile; fileRef = D0E033541C6B13330025B7F8 /* FinishViewController.swift */; };
		D0E033571C6B13670025B7F8 /* AddViewController.swift in Sources */ = {isa = PBXBuildFile; fileRef = D0E033561C6B13670025B7F8 /* AddViewController.swift */; };
		D0E0335B1C6B13E80025B7F8 /* ListTableViewController.swift in Sources */ = {isa = PBXBuildFile; fileRef = D0E0335A1C6B13E80025B7F8 /* ListTableViewController.swift */; };
/* End PBXBuildFile section */

/* Begin PBXContainerItemProxy section */
		D0E033281C6B0B860025B7F8 /* PBXContainerItemProxy */ = {
			isa = PBXContainerItemProxy;
			containerPortal = D0E0330B1C6B0B850025B7F8 /* Project object */;
			proxyType = 1;
			remoteGlobalIDString = D0E033121C6B0B850025B7F8;
			remoteInfo = WordList;
		};
		D0E033331C6B0B860025B7F8 /* PBXContainerItemProxy */ = {
			isa = PBXContainerItemProxy;
			containerPortal = D0E0330B1C6B0B850025B7F8 /* Project object */;
			proxyType = 1;
			remoteGlobalIDString = D0E033121C6B0B850025B7F8;
			remoteInfo = WordList;
		};
/* End PBXContainerItemProxy section */

/* Begin PBXFileReference section */
		D05A1DA41C6C63370036ACC3 /* ListTableViewCell.swift */ = {isa = PBXFileReference; fileEncoding = 4; lastKnownFileType = sourcecode.swift; path = ListTableViewCell.swift; sourceTree = "<group>"; };
		D05A1DA51C6C63370036ACC3 /* ListTableViewCell.xib */ = {isa = PBXFileReference; fileEncoding = 4; lastKnownFileType = file.xib; path = ListTableViewCell.xib; sourceTree = "<group>"; };
		D06969A11C6E12F6008EAF43 /* Contents.json */ = {isa = PBXFileReference; fileEncoding = 4; lastKnownFileType = text.json; path = Contents.json; sourceTree = "<group>"; };
		D06969A21C6E12F6008EAF43 /* Icon-40.png */ = {isa = PBXFileReference; lastKnownFileType = image.png; path = "Icon-40.png"; sourceTree = "<group>"; };
		D06969A31C6E12F6008EAF43 /* Icon-40@2x.png */ = {isa = PBXFileReference; lastKnownFileType = image.png; path = "Icon-40@2x.png"; sourceTree = "<group>"; };
		D06969A41C6E12F6008EAF43 /* Icon-40@3x.png */ = {isa = PBXFileReference; lastKnownFileType = image.png; path = "Icon-40@3x.png"; sourceTree = "<group>"; };
		D06969A51C6E12F6008EAF43 /* Icon-60@2x.png */ = {isa = PBXFileReference; lastKnownFileType = image.png; path = "Icon-60@2x.png"; sourceTree = "<group>"; };
		D06969A61C6E12F6008EAF43 /* Icon-60@3x.png */ = {isa = PBXFileReference; lastKnownFileType = image.png; path = "Icon-60@3x.png"; sourceTree = "<group>"; };
		D06969A71C6E12F6008EAF43 /* Icon-76.png */ = {isa = PBXFileReference; lastKnownFileType = image.png; path = "Icon-76.png"; sourceTree = "<group>"; };
		D06969A81C6E12F6008EAF43 /* Icon-76@2x.png */ = {isa = PBXFileReference; lastKnownFileType = image.png; path = "Icon-76@2x.png"; sourceTree = "<group>"; };
		D06969A91C6E12F6008EAF43 /* Icon-83.5@2x.png */ = {isa = PBXFileReference; lastKnownFileType = image.png; path = "Icon-83.5@2x.png"; sourceTree = "<group>"; };
		D06969AA1C6E12F6008EAF43 /* Icon-Small.png */ = {isa = PBXFileReference; lastKnownFileType = image.png; path = "Icon-Small.png"; sourceTree = "<group>"; };
		D06969AB1C6E12F6008EAF43 /* Icon-Small@2x.png */ = {isa = PBXFileReference; lastKnownFileType = image.png; path = "Icon-Small@2x.png"; sourceTree = "<group>"; };
		D06969AC1C6E12F6008EAF43 /* Icon-Small@3x.png */ = {isa = PBXFileReference; lastKnownFileType = image.png; path = "Icon-Small@3x.png"; sourceTree = "<group>"; };
		D06969AD1C6E12F6008EAF43 /* Icon-60.png */ = {isa = PBXFileReference; lastKnownFileType = image.png; path = "Icon-60.png"; sourceTree = "<group>"; };
		D06969AE1C6E12F6008EAF43 /* Icon-72.png */ = {isa = PBXFileReference; lastKnownFileType = image.png; path = "Icon-72.png"; sourceTree = "<group>"; };
		D06969AF1C6E12F6008EAF43 /* Icon-72@2x.png */ = {isa = PBXFileReference; lastKnownFileType = image.png; path = "Icon-72@2x.png"; sourceTree = "<group>"; };
		D06969B01C6E12F6008EAF43 /* Icon-Small-50.png */ = {isa = PBXFileReference; lastKnownFileType = image.png; path = "Icon-Small-50.png"; sourceTree = "<group>"; };
		D06969B11C6E12F6008EAF43 /* Icon-Small-50@2x.png */ = {isa = PBXFileReference; lastKnownFileType = image.png; path = "Icon-Small-50@2x.png"; sourceTree = "<group>"; };
		D06969B21C6E12F6008EAF43 /* Icon.png */ = {isa = PBXFileReference; lastKnownFileType = image.png; path = Icon.png; sourceTree = "<group>"; };
		D06969B31C6E12F6008EAF43 /* Icon@2x.png */ = {isa = PBXFileReference; lastKnownFileType = image.png; path = "Icon@2x.png"; sourceTree = "<group>"; };
		D06969B41C6E12F6008EAF43 /* iTunesArtwork.png */ = {isa = PBXFileReference; lastKnownFileType = image.png; path = iTunesArtwork.png; sourceTree = "<group>"; };
		D06969B51C6E12F6008EAF43 /* iTunesArtwork@2x.png */ = {isa = PBXFileReference; lastKnownFileType = image.png; path = "iTunesArtwork@2x.png"; sourceTree = "<group>"; };
		D0E033131C6B0B850025B7F8 /* WordList.app */ = {isa = PBXFileReference; explicitFileType = wrapper.application; includeInIndex = 0; path = WordList.app; sourceTree = BUILT_PRODUCTS_DIR; };
		D0E033161C6B0B850025B7F8 /* AppDelegate.swift */ = {isa = PBXFileReference; lastKnownFileType = sourcecode.swift; path = AppDelegate.swift; sourceTree = "<group>"; };
		D0E033181C6B0B850025B7F8 /* ViewController.swift */ = {isa = PBXFileReference; lastKnownFileType = sourcecode.swift; path = ViewController.swift; sourceTree = "<group>"; };
		D0E0331B1C6B0B860025B7F8 /* Base */ = {isa = PBXFileReference; lastKnownFileType = file.storyboard; name = Base; path = Base.lproj/Main.storyboard; sourceTree = "<group>"; };
		D0E0331D1C6B0B860025B7F8 /* Assets.xcassets */ = {isa = PBXFileReference; lastKnownFileType = folder.assetcatalog; path = Assets.xcassets; sourceTree = "<group>"; };
		D0E033201C6B0B860025B7F8 /* Base */ = {isa = PBXFileReference; lastKnownFileType = file.storyboard; name = Base; path = Base.lproj/LaunchScreen.storyboard; sourceTree = "<group>"; };
		D0E033221C6B0B860025B7F8 /* Info.plist */ = {isa = PBXFileReference; lastKnownFileType = text.plist.xml; path = Info.plist; sourceTree = "<group>"; };
		D0E033271C6B0B860025B7F8 /* WordListTests.xctest */ = {isa = PBXFileReference; explicitFileType = wrapper.cfbundle; includeInIndex = 0; path = WordListTests.xctest; sourceTree = BUILT_PRODUCTS_DIR; };
		D0E0332B1C6B0B860025B7F8 /* WordListTests.swift */ = {isa = PBXFileReference; lastKnownFileType = sourcecode.swift; path = WordListTests.swift; sourceTree = "<group>"; };
		D0E0332D1C6B0B860025B7F8 /* Info.plist */ = {isa = PBXFileReference; lastKnownFileType = text.plist.xml; path = Info.plist; sourceTree = "<group>"; };
		D0E033321C6B0B860025B7F8 /* WordListUITests.xctest */ = {isa = PBXFileReference; explicitFileType = wrapper.cfbundle; includeInIndex = 0; path = WordListUITests.xctest; sourceTree = BUILT_PRODUCTS_DIR; };
		D0E033361C6B0B860025B7F8 /* WordListUITests.swift */ = {isa = PBXFileReference; lastKnownFileType = sourcecode.swift; path = WordListUITests.swift; sourceTree = "<group>"; };
		D0E033381C6B0B860025B7F8 /* Info.plist */ = {isa = PBXFileReference; lastKnownFileType = text.plist.xml; path = Info.plist; sourceTree = "<group>"; };
		D0E033461C6B0C080025B7F8 /* Default-568h@2x.png */ = {isa = PBXFileReference; lastKnownFileType = image.png; path = "Default-568h@2x.png"; sourceTree = "<group>"; };
		D0E033471C6B0C080025B7F8 /* Default-667h@2x.png */ = {isa = PBXFileReference; lastKnownFileType = image.png; path = "Default-667h@2x.png"; sourceTree = "<group>"; };
		D0E033481C6B0C080025B7F8 /* Default-736h@3x.png */ = {isa = PBXFileReference; lastKnownFileType = image.png; path = "Default-736h@3x.png"; sourceTree = "<group>"; };
		D0E033491C6B0C080025B7F8 /* fin.png */ = {isa = PBXFileReference; lastKnownFileType = image.png; path = fin.png; sourceTree = "<group>"; };
		D0E0334A1C6B0C080025B7F8 /* title_logo.png */ = {isa = PBXFileReference; lastKnownFileType = image.png; path = title_logo.png; sourceTree = "<group>"; };
		D0E0334B1C6B0C080025B7F8 /* word_blank.png */ = {isa = PBXFileReference; lastKnownFileType = image.png; path = word_blank.png; sourceTree = "<group>"; };
		D0E033521C6B12DD0025B7F8 /* QuestionViewController.swift */ = {isa = PBXFileReference; fileEncoding = 4; lastKnownFileType = sourcecode.swift; path = QuestionViewController.swift; sourceTree = "<group>"; };
		D0E033541C6B13330025B7F8 /* FinishViewController.swift */ = {isa = PBXFileReference; fileEncoding = 4; lastKnownFileType = sourcecode.swift; path = FinishViewController.swift; sourceTree = "<group>"; };
		D0E033561C6B13670025B7F8 /* AddViewController.swift */ = {isa = PBXFileReference; fileEncoding = 4; lastKnownFileType = sourcecode.swift; path = AddViewController.swift; sourceTree = "<group>"; };
		D0E0335A1C6B13E80025B7F8 /* ListTableViewController.swift */ = {isa = PBXFileReference; fileEncoding = 4; lastKnownFileType = sourcecode.swift; path = ListTableViewController.swift; sourceTree = "<group>"; };
/* End PBXFileReference section */

/* Begin PBXFrameworksBuildPhase section */
		D0E033101C6B0B850025B7F8 /* Frameworks */ = {
			isa = PBXFrameworksBuildPhase;
			buildActionMask = 2147483647;
			files = (
			);
			runOnlyForDeploymentPostprocessing = 0;
		};
		D0E033241C6B0B860025B7F8 /* Frameworks */ = {
			isa = PBXFrameworksBuildPhase;
			buildActionMask = 2147483647;
			files = (
			);
			runOnlyForDeploymentPostprocessing = 0;
		};
		D0E0332F1C6B0B860025B7F8 /* Frameworks */ = {
			isa = PBXFrameworksBuildPhase;
			buildActionMask = 2147483647;
			files = (
			);
			runOnlyForDeploymentPostprocessing = 0;
		};
/* End PBXFrameworksBuildPhase section */

/* Begin PBXGroup section */
		D069699F1C6E12F6008EAF43 /* ios */ = {
			isa = PBXGroup;
			children = (
				D06969A01C6E12F6008EAF43 /* AppIcon.appiconset */,
				D06969AD1C6E12F6008EAF43 /* Icon-60.png */,
				D06969AE1C6E12F6008EAF43 /* Icon-72.png */,
				D06969AF1C6E12F6008EAF43 /* Icon-72@2x.png */,
				D06969B01C6E12F6008EAF43 /* Icon-Small-50.png */,
				D06969B11C6E12F6008EAF43 /* Icon-Small-50@2x.png */,
				D06969B21C6E12F6008EAF43 /* Icon.png */,
				D06969B31C6E12F6008EAF43 /* Icon@2x.png */,
				D06969B41C6E12F6008EAF43 /* iTunesArtwork.png */,
				D06969B51C6E12F6008EAF43 /* iTunesArtwork@2x.png */,
			);
			path = ios;
			sourceTree = "<group>";
		};
		D06969A01C6E12F6008EAF43 /* AppIcon.appiconset */ = {
			isa = PBXGroup;
			children = (
				D06969A11C6E12F6008EAF43 /* Contents.json */,
				D06969A21C6E12F6008EAF43 /* Icon-40.png */,
				D06969A31C6E12F6008EAF43 /* Icon-40@2x.png */,
				D06969A41C6E12F6008EAF43 /* Icon-40@3x.png */,
				D06969A51C6E12F6008EAF43 /* Icon-60@2x.png */,
				D06969A61C6E12F6008EAF43 /* Icon-60@3x.png */,
				D06969A71C6E12F6008EAF43 /* Icon-76.png */,
				D06969A81C6E12F6008EAF43 /* Icon-76@2x.png */,
				D06969A91C6E12F6008EAF43 /* Icon-83.5@2x.png */,
				D06969AA1C6E12F6008EAF43 /* Icon-Small.png */,
				D06969AB1C6E12F6008EAF43 /* Icon-Small@2x.png */,
				D06969AC1C6E12F6008EAF43 /* Icon-Small@3x.png */,
			);
			path = AppIcon.appiconset;
			sourceTree = "<group>";
		};
		D0E0330A1C6B0B850025B7F8 = {
			isa = PBXGroup;
			children = (
				D0E033151C6B0B850025B7F8 /* WordList */,
				D0E0332A1C6B0B860025B7F8 /* WordListTests */,
				D0E033351C6B0B860025B7F8 /* WordListUITests */,
				D0E033141C6B0B850025B7F8 /* Products */,
			);
			sourceTree = "<group>";
		};
		D0E033141C6B0B850025B7F8 /* Products */ = {
			isa = PBXGroup;
			children = (
				D0E033131C6B0B850025B7F8 /* WordList.app */,
				D0E033271C6B0B860025B7F8 /* WordListTests.xctest */,
				D0E033321C6B0B860025B7F8 /* WordListUITests.xctest */,
			);
			name = Products;
			sourceTree = "<group>";
		};
		D0E033151C6B0B850025B7F8 /* WordList */ = {
			isa = PBXGroup;
			children = (
				D069699F1C6E12F6008EAF43 /* ios */,
				D0E033441C6B0C080025B7F8 /* WordList素材 */,
				D0E033161C6B0B850025B7F8 /* AppDelegate.swift */,
				D0E033181C6B0B850025B7F8 /* ViewController.swift */,
				D0E0331A1C6B0B860025B7F8 /* Main.storyboard */,
				D0E0331D1C6B0B860025B7F8 /* Assets.xcassets */,
				D0E0331F1C6B0B860025B7F8 /* LaunchScreen.storyboard */,
				D0E033221C6B0B860025B7F8 /* Info.plist */,
				D0E033521C6B12DD0025B7F8 /* QuestionViewController.swift */,
				D0E033541C6B13330025B7F8 /* FinishViewController.swift */,
				D0E033561C6B13670025B7F8 /* AddViewController.swift */,
				D0E0335A1C6B13E80025B7F8 /* ListTableViewController.swift */,
				D05A1DA41C6C63370036ACC3 /* ListTableViewCell.swift */,
				D05A1DA51C6C63370036ACC3 /* ListTableViewCell.xib */,
			);
			path = WordList;
			sourceTree = "<group>";
		};
		D0E0332A1C6B0B860025B7F8 /* WordListTests */ = {
			isa = PBXGroup;
			children = (
				D0E0332B1C6B0B860025B7F8 /* WordListTests.swift */,
				D0E0332D1C6B0B860025B7F8 /* Info.plist */,
			);
			path = WordListTests;
			sourceTree = "<group>";
		};
		D0E033351C6B0B860025B7F8 /* WordListUITests */ = {
			isa = PBXGroup;
			children = (
				D0E033361C6B0B860025B7F8 /* WordListUITests.swift */,
				D0E033381C6B0B860025B7F8 /* Info.plist */,
			);
			path = WordListUITests;
			sourceTree = "<group>";
		};
		D0E033441C6B0C080025B7F8 /* WordList素材 */ = {
			isa = PBXGroup;
			children = (
				D0E033451C6B0C080025B7F8 /* Defaults */,
				D0E033491C6B0C080025B7F8 /* fin.png */,
				D0E0334A1C6B0C080025B7F8 /* title_logo.png */,
				D0E0334B1C6B0C080025B7F8 /* word_blank.png */,
			);
			path = "WordList素材";
			sourceTree = "<group>";
		};
		D0E033451C6B0C080025B7F8 /* Defaults */ = {
			isa = PBXGroup;
			children = (
				D0E033461C6B0C080025B7F8 /* Default-568h@2x.png */,
				D0E033471C6B0C080025B7F8 /* Default-667h@2x.png */,
				D0E033481C6B0C080025B7F8 /* Default-736h@3x.png */,
			);
			path = Defaults;
			sourceTree = "<group>";
		};
/* End PBXGroup section */

/* Begin PBXNativeTarget section */
		D0E033121C6B0B850025B7F8 /* WordList */ = {
			isa = PBXNativeTarget;
			buildConfigurationList = D0E0333B1C6B0B860025B7F8 /* Build configuration list for PBXNativeTarget "WordList" */;
			buildPhases = (
				D0E0330F1C6B0B850025B7F8 /* Sources */,
				D0E033101C6B0B850025B7F8 /* Frameworks */,
				D0E033111C6B0B850025B7F8 /* Resources */,
			);
			buildRules = (
			);
			dependencies = (
			);
			name = WordList;
			productName = WordList;
			productReference = D0E033131C6B0B850025B7F8 /* WordList.app */;
			productType = "com.apple.product-type.application";
		};
		D0E033261C6B0B860025B7F8 /* WordListTests */ = {
			isa = PBXNativeTarget;
			buildConfigurationList = D0E0333E1C6B0B860025B7F8 /* Build configuration list for PBXNativeTarget "WordListTests" */;
			buildPhases = (
				D0E033231C6B0B860025B7F8 /* Sources */,
				D0E033241C6B0B860025B7F8 /* Frameworks */,
				D0E033251C6B0B860025B7F8 /* Resources */,
			);
			buildRules = (
			);
			dependencies = (
				D0E033291C6B0B860025B7F8 /* PBXTargetDependency */,
			);
			name = WordListTests;
			productName = WordListTests;
			productReference = D0E033271C6B0B860025B7F8 /* WordListTests.xctest */;
			productType = "com.apple.product-type.bundle.unit-test";
		};
		D0E033311C6B0B860025B7F8 /* WordListUITests */ = {
			isa = PBXNativeTarget;
			buildConfigurationList = D0E033411C6B0B860025B7F8 /* Build configuration list for PBXNativeTarget "WordListUITests" */;
			buildPhases = (
				D0E0332E1C6B0B860025B7F8 /* Sources */,
				D0E0332F1C6B0B860025B7F8 /* Frameworks */,
				D0E033301C6B0B860025B7F8 /* Resources */,
			);
			buildRules = (
			);
			dependencies = (
				D0E033341C6B0B860025B7F8 /* PBXTargetDependency */,
			);
			name = WordListUITests;
			productName = WordListUITests;
			productReference = D0E033321C6B0B860025B7F8 /* WordListUITests.xctest */;
			productType = "com.apple.product-type.bundle.ui-testing";
		};
/* End PBXNativeTarget section */

/* Begin PBXProject section */
		D0E0330B1C6B0B850025B7F8 /* Project object */ = {
			isa = PBXProject;
			attributes = {
				LastSwiftUpdateCheck = 0720;
				LastUpgradeCheck = 0720;
				ORGANIZATIONNAME = "SEKINE YURI";
				TargetAttributes = {
					D0E033121C6B0B850025B7F8 = {
						CreatedOnToolsVersion = 7.2.1;
						DevelopmentTeam = DYQ5RU68TK;
					};
					D0E033261C6B0B860025B7F8 = {
						CreatedOnToolsVersion = 7.2.1;
						TestTargetID = D0E033121C6B0B850025B7F8;
					};
					D0E033311C6B0B860025B7F8 = {
						CreatedOnToolsVersion = 7.2.1;
						TestTargetID = D0E033121C6B0B850025B7F8;
					};
				};
			};
			buildConfigurationList = D0E0330E1C6B0B850025B7F8 /* Build configuration list for PBXProject "WordList" */;
			compatibilityVersion = "Xcode 3.2";
			developmentRegion = English;
			hasScannedForEncodings = 0;
			knownRegions = (
				en,
				Base,
			);
			mainGroup = D0E0330A1C6B0B850025B7F8;
			productRefGroup = D0E033141C6B0B850025B7F8 /* Products */;
			projectDirPath = "";
			projectRoot = "";
			targets = (
				D0E033121C6B0B850025B7F8 /* WordList */,
				D0E033261C6B0B860025B7F8 /* WordListTests */,
				D0E033311C6B0B860025B7F8 /* WordListUITests */,
			);
		};
/* End PBXProject section */

/* Begin PBXResourcesBuildPhase section */
		D0E033111C6B0B850025B7F8 /* Resources */ = {
			isa = PBXResourcesBuildPhase;
			buildActionMask = 2147483647;
			files = (
				D06969C71C6E12F6008EAF43 /* Icon-Small-50@2x.png in Resources */,
				D06969C91C6E12F6008EAF43 /* Icon@2x.png in Resources */,
				D06969C21C6E12F6008EAF43 /* Icon-Small@3x.png in Resources */,
				D0E033211C6B0B860025B7F8 /* LaunchScreen.storyboard in Resources */,
				D06969BF1C6E12F6008EAF43 /* Icon-83.5@2x.png in Resources */,
				D0E0334F1C6B0C080025B7F8 /* fin.png in Resources */,
				D0E0334C1C6B0C080025B7F8 /* Default-568h@2x.png in Resources */,
				D06969C41C6E12F6008EAF43 /* Icon-72.png in Resources */,
				D0E033501C6B0C080025B7F8 /* title_logo.png in Resources */,
				D06969C51C6E12F6008EAF43 /* Icon-72@2x.png in Resources */,
				D0E0331E1C6B0B860025B7F8 /* Assets.xcassets in Resources */,
				D06969C11C6E12F6008EAF43 /* Icon-Small@2x.png in Resources */,
				D0E033511C6B0C080025B7F8 /* word_blank.png in Resources */,
				D06969C81C6E12F6008EAF43 /* Icon.png in Resources */,
				D0E0331C1C6B0B860025B7F8 /* Main.storyboard in Resources */,
				D06969CB1C6E12F6008EAF43 /* iTunesArtwork@2x.png in Resources */,
				D06969C01C6E12F6008EAF43 /* Icon-Small.png in Resources */,
				D0E0334D1C6B0C080025B7F8 /* Default-667h@2x.png in Resources */,
				D06969BC1C6E12F6008EAF43 /* Icon-60@3x.png in Resources */,
				D06969CA1C6E12F6008EAF43 /* iTunesArtwork.png in Resources */,
				D06969C31C6E12F6008EAF43 /* Icon-60.png in Resources */,
				D06969B81C6E12F6008EAF43 /* Icon-40.png in Resources */,
				D06969BE1C6E12F6008EAF43 /* Icon-76@2x.png in Resources */,
				D06969B91C6E12F6008EAF43 /* Icon-40@2x.png in Resources */,
				D0E0334E1C6B0C080025B7F8 /* Default-736h@3x.png in Resources */,
				D06969BD1C6E12F6008EAF43 /* Icon-76.png in Resources */,
				D06969C61C6E12F6008EAF43 /* Icon-Small-50.png in Resources */,
				D06969BB1C6E12F6008EAF43 /* Icon-60@2x.png in Resources */,
				D06969B71C6E12F6008EAF43 /* Contents.json in Resources */,
				D06969BA1C6E12F6008EAF43 /* Icon-40@3x.png in Resources */,
				D05A1DA71C6C63370036ACC3 /* ListTableViewCell.xib in Resources */,
			);
			runOnlyForDeploymentPostprocessing = 0;
		};
		D0E033251C6B0B860025B7F8 /* Resources */ = {
			isa = PBXResourcesBuildPhase;
			buildActionMask = 2147483647;
			files = (
			);
			runOnlyForDeploymentPostprocessing = 0;
		};
		D0E033301C6B0B860025B7F8 /* Resources */ = {
			isa = PBXResourcesBuildPhase;
			buildActionMask = 2147483647;
			files = (
			);
			runOnlyForDeploymentPostprocessing = 0;
		};
/* End PBXResourcesBuildPhase section */

/* Begin PBXSourcesBuildPhase section */
		D0E0330F1C6B0B850025B7F8 /* Sources */ = {
			isa = PBXSourcesBuildPhase;
			buildActionMask = 2147483647;
			files = (
				D05A1DA61C6C63370036ACC3 /* ListTableViewCell.swift in Sources */,
				D0E033571C6B13670025B7F8 /* AddViewController.swift in Sources */,
				D0E033191C6B0B850025B7F8 /* ViewController.swift in Sources */,
				D0E033551C6B13330025B7F8 /* FinishViewController.swift in Sources */,
				D0E0335B1C6B13E80025B7F8 /* ListTableViewController.swift in Sources */,
				D0E033171C6B0B850025B7F8 /* AppDelegate.swift in Sources */,
				D0E033531C6B12DD0025B7F8 /* QuestionViewController.swift in Sources */,
			);
			runOnlyForDeploymentPostprocessing = 0;
		};
		D0E033231C6B0B860025B7F8 /* Sources */ = {
			isa = PBXSourcesBuildPhase;
			buildActionMask = 2147483647;
			files = (
				D0E0332C1C6B0B860025B7F8 /* WordListTests.swift in Sources */,
			);
			runOnlyForDeploymentPostprocessing = 0;
		};
		D0E0332E1C6B0B860025B7F8 /* Sources */ = {
			isa = PBXSourcesBuildPhase;
			buildActionMask = 2147483647;
			files = (
				D0E033371C6B0B860025B7F8 /* WordListUITests.swift in Sources */,
			);
			runOnlyForDeploymentPostprocessing = 0;
		};
/* End PBXSourcesBuildPhase section */

/* Begin PBXTargetDependency section */
		D0E033291C6B0B860025B7F8 /* PBXTargetDependency */ = {
			isa = PBXTargetDependency;
			target = D0E033121C6B0B850025B7F8 /* WordList */;
			targetProxy = D0E033281C6B0B860025B7F8 /* PBXContainerItemProxy */;
		};
		D0E033341C6B0B860025B7F8 /* PBXTargetDependency */ = {
			isa = PBXTargetDependency;
			target = D0E033121C6B0B850025B7F8 /* WordList */;
			targetProxy = D0E033331C6B0B860025B7F8 /* PBXContainerItemProxy */;
		};
/* End PBXTargetDependency section */

/* Begin PBXVariantGroup section */
		D0E0331A1C6B0B860025B7F8 /* Main.storyboard */ = {
			isa = PBXVariantGroup;
			children = (
				D0E0331B1C6B0B860025B7F8 /* Base */,
			);
			name = Main.storyboard;
			sourceTree = "<group>";
		};
		D0E0331F1C6B0B860025B7F8 /* LaunchScreen.storyboard */ = {
			isa = PBXVariantGroup;
			children = (
				D0E033201C6B0B860025B7F8 /* Base */,
			);
			name = LaunchScreen.storyboard;
			sourceTree = "<group>";
		};
/* End PBXVariantGroup section */

/* Begin XCBuildConfiguration section */
		D0E033391C6B0B860025B7F8 /* Debug */ = {
			isa = XCBuildConfiguration;
			buildSettings = {
				ALWAYS_SEARCH_USER_PATHS = NO;
				CLANG_CXX_LANGUAGE_STANDARD = "gnu++0x";
				CLANG_CXX_LIBRARY = "libc++";
				CLANG_ENABLE_MODULES = YES;
				CLANG_ENABLE_OBJC_ARC = YES;
				CLANG_WARN_BOOL_CONVERSION = YES;
				CLANG_WARN_CONSTANT_CONVERSION = YES;
				CLANG_WARN_DIRECT_OBJC_ISA_USAGE = YES_ERROR;
				CLANG_WARN_EMPTY_BODY = YES;
				CLANG_WARN_ENUM_CONVERSION = YES;
				CLANG_WARN_INT_CONVERSION = YES;
				CLANG_WARN_OBJC_ROOT_CLASS = YES_ERROR;
				CLANG_WARN_UNREACHABLE_CODE = YES;
				CLANG_WARN__DUPLICATE_METHOD_MATCH = YES;
				"CODE_SIGN_IDENTITY[sdk=iphoneos*]" = "iPhone Developer";
				COPY_PHASE_STRIP = NO;
				DEBUG_INFORMATION_FORMAT = dwarf;
				ENABLE_STRICT_OBJC_MSGSEND = YES;
				ENABLE_TESTABILITY = YES;
				GCC_C_LANGUAGE_STANDARD = gnu99;
				GCC_DYNAMIC_NO_PIC = NO;
				GCC_NO_COMMON_BLOCKS = YES;
				GCC_OPTIMIZATION_LEVEL = 0;
				GCC_PREPROCESSOR_DEFINITIONS = (
					"DEBUG=1",
					"$(inherited)",
				);
				GCC_WARN_64_TO_32_BIT_CONVERSION = YES;
				GCC_WARN_ABOUT_RETURN_TYPE = YES_ERROR;
				GCC_WARN_UNDECLARED_SELECTOR = YES;
				GCC_WARN_UNINITIALIZED_AUTOS = YES_AGGRESSIVE;
				GCC_WARN_UNUSED_FUNCTION = YES;
				GCC_WARN_UNUSED_VARIABLE = YES;
				IPHONEOS_DEPLOYMENT_TARGET = 9.2;
				MTL_ENABLE_DEBUG_INFO = YES;
				ONLY_ACTIVE_ARCH = YES;
				SDKROOT = iphoneos;
				SWIFT_OPTIMIZATION_LEVEL = "-Onone";
			};
			name = Debug;
		};
		D0E0333A1C6B0B860025B7F8 /* Release */ = {
			isa = XCBuildConfiguration;
			buildSettings = {
				ALWAYS_SEARCH_USER_PATHS = NO;
				CLANG_CXX_LANGUAGE_STANDARD = "gnu++0x";
				CLANG_CXX_LIBRARY = "libc++";
				CLANG_ENABLE_MODULES = YES;
				CLANG_ENABLE_OBJC_ARC = YES;
				CLANG_WARN_BOOL_CONVERSION = YES;
				CLANG_WARN_CONSTANT_CONVERSION = YES;
				CLANG_WARN_DIRECT_OBJC_ISA_USAGE = YES_ERROR;
				CLANG_WARN_EMPTY_BODY = YES;
				CLANG_WARN_ENUM_CONVERSION = YES;
				CLANG_WARN_INT_CONVERSION = YES;
				CLANG_WARN_OBJC_ROOT_CLASS = YES_ERROR;
				CLANG_WARN_UNREACHABLE_CODE = YES;
				CLANG_WARN__DUPLICATE_METHOD_MATCH = YES;
				"CODE_SIGN_IDENTITY[sdk=iphoneos*]" = "iPhone Developer";
				COPY_PHASE_STRIP = NO;
				DEBUG_INFORMATION_FORMAT = "dwarf-with-dsym";
				ENABLE_NS_ASSERTIONS = NO;
				ENABLE_STRICT_OBJC_MSGSEND = YES;
				GCC_C_LANGUAGE_STANDARD = gnu99;
				GCC_NO_COMMON_BLOCKS = YES;
				GCC_WARN_64_TO_32_BIT_CONVERSION = YES;
				GCC_WARN_ABOUT_RETURN_TYPE = YES_ERROR;
				GCC_WARN_UNDECLARED_SELECTOR = YES;
				GCC_WARN_UNINITIALIZED_AUTOS = YES_AGGRESSIVE;
				GCC_WARN_UNUSED_FUNCTION = YES;
				GCC_WARN_UNUSED_VARIABLE = YES;
				IPHONEOS_DEPLOYMENT_TARGET = 9.2;
				MTL_ENABLE_DEBUG_INFO = NO;
				SDKROOT = iphoneos;
				VALIDATE_PRODUCT = YES;
			};
			name = Release;
		};
		D0E0333C1C6B0B860025B7F8 /* Debug */ = {
			isa = XCBuildConfiguration;
			buildSettings = {
				ASSETCATALOG_COMPILER_APPICON_NAME = AppIcon;
				CODE_SIGN_IDENTITY = "iPhone Developer";
				"CODE_SIGN_IDENTITY[sdk=iphoneos*]" = "iPhone Developer";
				INFOPLIST_FILE = WordList/Info.plist;
				LD_RUNPATH_SEARCH_PATHS = "$(inherited) @executable_path/Frameworks";
				PRODUCT_BUNDLE_IDENTIFIER = com.sekine.WordList;
				PRODUCT_NAME = "$(TARGET_NAME)";
				PROVISIONING_PROFILE = "";
			};
			name = Debug;
		};
		D0E0333D1C6B0B860025B7F8 /* Release */ = {
			isa = XCBuildConfiguration;
			buildSettings = {
				ASSETCATALOG_COMPILER_APPICON_NAME = AppIcon;
				CODE_SIGN_IDENTITY = "iPhone Developer";
				"CODE_SIGN_IDENTITY[sdk=iphoneos*]" = "iPhone Developer";
				INFOPLIST_FILE = WordList/Info.plist;
				LD_RUNPATH_SEARCH_PATHS = "$(inherited) @executable_path/Frameworks";
				PRODUCT_BUNDLE_IDENTIFIER = com.sekine.WordList;
				PRODUCT_NAME = "$(TARGET_NAME)";
				PROVISIONING_PROFILE = "";
			};
			name = Release;
		};
		D0E0333F1C6B0B860025B7F8 /* Debug */ = {
			isa = XCBuildConfiguration;
			buildSettings = {
				BUNDLE_LOADER = "$(TEST_HOST)";
				INFOPLIST_FILE = WordListTests/Info.plist;
				LD_RUNPATH_SEARCH_PATHS = "$(inherited) @executable_path/Frameworks @loader_path/Frameworks";
				PRODUCT_BUNDLE_IDENTIFIER = com.sekine.WordListTests;
				PRODUCT_NAME = "$(TARGET_NAME)";
				TEST_HOST = "$(BUILT_PRODUCTS_DIR)/WordList.app/WordList";
			};
			name = Debug;
		};
		D0E033401C6B0B860025B7F8 /* Release */ = {
			isa = XCBuildConfiguration;
			buildSettings = {
				BUNDLE_LOADER = "$(TEST_HOST)";
				INFOPLIST_FILE = WordListTests/Info.plist;
				LD_RUNPATH_SEARCH_PATHS = "$(inherited) @executable_path/Frameworks @loader_path/Frameworks";
				PRODUCT_BUNDLE_IDENTIFIER = com.sekine.WordListTests;
				PRODUCT_NAME = "$(TARGET_NAME)";
				TEST_HOST = "$(BUILT_PRODUCTS_DIR)/WordList.app/WordList";
			};
			name = Release;
		};
		D0E033421C6B0B860025B7F8 /* Debug */ = {
			isa = XCBuildConfiguration;
			buildSettings = {
				INFOPLIST_FILE = WordListUITests/Info.plist;
				LD_RUNPATH_SEARCH_PATHS = "$(inherited) @executable_path/Frameworks @loader_path/Frameworks";
				PRODUCT_BUNDLE_IDENTIFIER = com.sekine.WordListUITests;
				PRODUCT_NAME = "$(TARGET_NAME)";
				TEST_TARGET_NAME = WordList;
				USES_XCTRUNNER = YES;
			};
			name = Debug;
		};
		D0E033431C6B0B860025B7F8 /* Release */ = {
			isa = XCBuildConfiguration;
			buildSettings = {
				INFOPLIST_FILE = WordListUITests/Info.plist;
				LD_RUNPATH_SEARCH_PATHS = "$(inherited) @executable_path/Frameworks @loader_path/Frameworks";
				PRODUCT_BUNDLE_IDENTIFIER = com.sekine.WordListUITests;
				PRODUCT_NAME = "$(TARGET_NAME)";
				TEST_TARGET_NAME = WordList;
				USES_XCTRUNNER = YES;
			};
			name = Release;
		};
/* End XCBuildConfiguration section */

/* Begin XCConfigurationList section */
		D0E0330E1C6B0B850025B7F8 /* Build configuration list for PBXProject "WordList" */ = {
			isa = XCConfigurationList;
			buildConfigurations = (
				D0E033391C6B0B860025B7F8 /* Debug */,
				D0E0333A1C6B0B860025B7F8 /* Release */,
			);
			defaultConfigurationIsVisible = 0;
			defaultConfigurationName = Release;
		};
		D0E0333B1C6B0B860025B7F8 /* Build configuration list for PBXNativeTarget "WordList" */ = {
			isa = XCConfigurationList;
			buildConfigurations = (
				D0E0333C1C6B0B860025B7F8 /* Debug */,
				D0E0333D1C6B0B860025B7F8 /* Release */,
			);
			defaultConfigurationIsVisible = 0;
			defaultConfigurationName = Release;
		};
		D0E0333E1C6B0B860025B7F8 /* Build configuration list for PBXNativeTarget "WordListTests" */ = {
			isa = XCConfigurationList;
			buildConfigurations = (
				D0E0333F1C6B0B860025B7F8 /* Debug */,
				D0E033401C6B0B860025B7F8 /* Release */,
			);
			defaultConfigurationIsVisible = 0;
			defaultConfigurationName = Release;
		};
		D0E033411C6B0B860025B7F8 /* Build configuration list for PBXNativeTarget "WordListUITests" */ = {
			isa = XCConfigurationList;
			buildConfigurations = (
				D0E033421C6B0B860025B7F8 /* Debug */,
				D0E033431C6B0B860025B7F8 /* Release */,
			);
			defaultConfigurationIsVisible = 0;
			defaultConfigurationName = Release;
		};
/* End XCConfigurationList section */
	};
	rootObject = D0E0330B1C6B0B850025B7F8 /* Project object */;
}
