// !$*UTF8*$!
{
	archiveVersion = 1;
	classes = {
	};
	objectVersion = 46;
	objects = {

/* Begin PBXBuildFile section */
		D0E033171C6B0B850025B7F8 /* AppDelegate.swift in Sources */ = {isa = PBXBuildFile; fileRef = D0E033161C6B0B850025B7F8 /* AppDelegate.swift */; };
		D0E033191C6B0B850025B7F8 /* ViewController.swift in Sources */ = {isa = PBXBuildFile; fileRef = D0E033181C6B0B850025B7F8 /* ViewController.swift */; };
		D0E0331C1C6B0B860025B7F8 /* Main.storyboard in Resources */ = {isa = PBXBuildFile; fileRef = D0E0331A1C6B0B860025B7F8 /* Main.storyboard */; };
		D0E0331E1C6B0B860025B7F8 /* Assets.xcassets in Resources */ = {isa = PBXBuildFile; fileRef = D0E0331D1C6B0B860025B7F8 /* Assets.xcassets */; };
		D0E033211C6B0B860025B7F8 /* LaunchScreen.storyboard in Resources */ = {isa = PBXBuildFile; fileRef = D0E0331F1C6B0B860025B7F8 /* LaunchScreen.storyboard */; };
		D0E0332C1C6B0B860025B7F8 /* WordListTests.swift in Sources */ = {isa = PBXBuildFile; fileRef = D0E0332B1C6B0B860025B7F8 /* WordListTests.swift */; };
		D0E033371C6B0B860025B7F8 /* WordListUITests.swift in Sources */ = {isa = PBXBuildFile; fileRef = D0E033361C6B0B860025B7F8 /* WordListUITests.swift */; };
/* End PBXBuildFile section */

/* Begin PBXContainerItemProxy section */
		D0E033281C6B0B860025B7F8 /* PBXContainerItemProxy */ = {
			isa = PBXContainerItemProxy;
			containerPortal = D0E0330B1C6B0B850025B7F8 /* Project object */;
			proxyType = 1;
			remoteGlobalIDString = D0E033121C6B0B850025B7F8;
			remoteInfo = WordList;
		};
		D0E033331C6B0B860025B7F8 /* PBXContainerItemProxy */ = {
			isa = PBXContainerItemProxy;
			containerPortal = D0E0330B1C6B0B850025B7F8 /* Project object */;
			proxyType = 1;
			remoteGlobalIDString = D0E033121C6B0B850025B7F8;
			remoteInfo = WordList;
		};
/* End PBXContainerItemProxy section */

/* Begin PBXFileReference section */
		D0E033131C6B0B850025B7F8 /* WordList.app */ = {isa = PBXFileReference; explicitFileType = wrapper.application; includeInIndex = 0; path = WordList.app; sourceTree = BUILT_PRODUCTS_DIR; };
		D0E033161C6B0B850025B7F8 /* AppDelegate.swift */ = {isa = PBXFileReference; lastKnownFileType = sourcecode.swift; path = AppDelegate.swift; sourceTree = "<group>"; };
		D0E033181C6B0B850025B7F8 /* ViewController.swift */ = {isa = PBXFileReference; lastKnownFileType = sourcecode.swift; path = ViewController.swift; sourceTree = "<group>"; };
		D0E0331B1C6B0B860025B7F8 /* Base */ = {isa = PBXFileReference; lastKnownFileType = file.storyboard; name = Base; path = Base.lproj/Main.storyboard; sourceTree = "<group>"; };
		D0E0331D1C6B0B860025B7F8 /* Assets.xcassets */ = {isa = PBXFileReference; lastKnownFileType = folder.assetcatalog; path = Assets.xcassets; sourceTree = "<group>"; };
		D0E033201C6B0B860025B7F8 /* Base */ = {isa = PBXFileReference; lastKnownFileType = file.storyboard; name = Base; path = Base.lproj/LaunchScreen.storyboard; sourceTree = "<group>"; };
		D0E033221C6B0B860025B7F8 /* Info.plist */ = {isa = PBXFileReference; lastKnownFileType = text.plist.xml; path = Info.plist; sourceTree = "<group>"; };
		D0E033271C6B0B860025B7F8 /* WordListTests.xctest */ = {isa = PBXFileReference; explicitFileType = wrapper.cfbundle; includeInIndex = 0; path = WordListTests.xctest; sourceTree = BUILT_PRODUCTS_DIR; };
		D0E0332B1C6B0B860025B7F8 /* WordListTests.swift */ = {isa = PBXFileReference; lastKnownFileType = sourcecode.swift; path = WordListTests.swift; sourceTree = "<group>"; };
		D0E0332D1C6B0B860025B7F8 /* Info.plist */ = {isa = PBXFileReference; lastKnownFileType = text.plist.xml; path = Info.plist; sourceTree = "<group>"; };
		D0E033321C6B0B860025B7F8 /* WordListUITests.xctest */ = {isa = PBXFileReference; explicitFileType = wrapper.cfbundle; includeInIndex = 0; path = WordListUITests.xctest; sourceTree = BUILT_PRODUCTS_DIR; };
		D0E033361C6B0B860025B7F8 /* WordListUITests.swift */ = {isa = PBXFileReference; lastKnownFileType = sourcecode.swift; path = WordListUITests.swift; sourceTree = "<group>"; };
		D0E033381C6B0B860025B7F8 /* Info.plist */ = {isa = PBXFileReference; lastKnownFileType = text.plist.xml; path = Info.plist; sourceTree = "<group>"; };
/* End PBXFileReference section */

/* Begin PBXFrameworksBuildPhase section */
		D0E033101C6B0B850025B7F8 /* Frameworks */ = {
			isa = PBXFrameworksBuildPhase;
			buildActionMask = 2147483647;
			files = (
			);
			runOnlyForDeploymentPostprocessing = 0;
		};
		D0E033241C6B0B860025B7F8 /* Frameworks */ = {
			isa = PBXFrameworksBuildPhase;
			buildActionMask = 2147483647;
			files = (
			);
			runOnlyForDeploymentPostprocessing = 0;
		};
		D0E0332F1C6B0B860025B7F8 /* Frameworks */ = {
			isa = PBXFrameworksBuildPhase;
			buildActionMask = 2147483647;
			files = (
			);
			runOnlyForDeploymentPostprocessing = 0;
		};
/* End PBXFrameworksBuildPhase section */

/* Begin PBXGroup section */
		D0E0330A1C6B0B850025B7F8 = {
			isa = PBXGroup;
			children = (
				D0E033151C6B0B850025B7F8 /* WordList */,
				D0E0332A1C6B0B860025B7F8 /* WordListTests */,
				D0E033351C6B0B860025B7F8 /* WordListUITests */,
				D0E033141C6B0B850025B7F8 /* Products */,
			);
			sourceTree = "<group>";
		};
		D0E033141C6B0B850025B7F8 /* Products */ = {
			isa = PBXGroup;
			children = (
				D0E033131C6B0B850025B7F8 /* WordList.app */,
				D0E033271C6B0B860025B7F8 /* WordListTests.xctest */,
				D0E033321C6B0B860025B7F8 /* WordListUITests.xctest */,
			);
			name = Products;
			sourceTree = "<group>";
		};
		D0E033151C6B0B850025B7F8 /* WordList */ = {
			isa = PBXGroup;
			children = (
				D0E033161C6B0B850025B7F8 /* AppDelegate.swift */,
				D0E033181C6B0B850025B7F8 /* ViewController.swift */,
				D0E0331A1C6B0B860025B7F8 /* Main.storyboard */,
				D0E0331D1C6B0B860025B7F8 /* Assets.xcassets */,
				D0E0331F1C6B0B860025B7F8 /* LaunchScreen.storyboard */,
				D0E033221C6B0B860025B7F8 /* Info.plist */,
			);
			path = WordList;
			sourceTree = "<group>";
		};
		D0E0332A1C6B0B860025B7F8 /* WordListTests */ = {
			isa = PBXGroup;
			children = (
				D0E0332B1C6B0B860025B7F8 /* WordListTests.swift */,
				D0E0332D1C6B0B860025B7F8 /* Info.plist */,
			);
			path = WordListTests;
			sourceTree = "<group>";
		};
		D0E033351C6B0B860025B7F8 /* WordListUITests */ = {
			isa = PBXGroup;
			children = (
				D0E033361C6B0B860025B7F8 /* WordListUITests.swift */,
				D0E033381C6B0B860025B7F8 /* Info.plist */,
			);
			path = WordListUITests;
			sourceTree = "<group>";
		};
/* End PBXGroup section */

/* Begin PBXNativeTarget section */
		D0E033121C6B0B850025B7F8 /* WordList */ = {
			isa = PBXNativeTarget;
			buildConfigurationList = D0E0333B1C6B0B860025B7F8 /* Build configuration list for PBXNativeTarget "WordList" */;
			buildPhases = (
				D0E0330F1C6B0B850025B7F8 /* Sources */,
				D0E033101C6B0B850025B7F8 /* Frameworks */,
				D0E033111C6B0B850025B7F8 /* Resources */,
			);
			buildRules = (
			);
			dependencies = (
			);
			name = WordList;
			productName = WordList;
			productReference = D0E033131C6B0B850025B7F8 /* WordList.app */;
			productType = "com.apple.product-type.application";
		};
		D0E033261C6B0B860025B7F8 /* WordListTests */ = {
			isa = PBXNativeTarget;
			buildConfigurationList = D0E0333E1C6B0B860025B7F8 /* Build configuration list for PBXNativeTarget "WordListTests" */;
			buildPhases = (
				D0E033231C6B0B860025B7F8 /* Sources */,
				D0E033241C6B0B860025B7F8 /* Frameworks */,
				D0E033251C6B0B860025B7F8 /* Resources */,
			);
			buildRules = (
			);
			dependencies = (
				D0E033291C6B0B860025B7F8 /* PBXTargetDependency */,
			);
			name = WordListTests;
			productName = WordListTests;
			productReference = D0E033271C6B0B860025B7F8 /* WordListTests.xctest */;
			productType = "com.apple.product-type.bundle.unit-test";
		};
		D0E033311C6B0B860025B7F8 /* WordListUITests */ = {
			isa = PBXNativeTarget;
			buildConfigurationList = D0E033411C6B0B860025B7F8 /* Build configuration list for PBXNativeTarget "WordListUITests" */;
			buildPhases = (
				D0E0332E1C6B0B860025B7F8 /* Sources */,
				D0E0332F1C6B0B860025B7F8 /* Frameworks */,
				D0E033301C6B0B860025B7F8 /* Resources */,
			);
			buildRules = (
			);
			dependencies = (
				D0E033341C6B0B860025B7F8 /* PBXTargetDependency */,
			);
			name = WordListUITests;
			productName = WordListUITests;
			productReference = D0E033321C6B0B860025B7F8 /* WordListUITests.xctest */;
			productType = "com.apple.product-type.bundle.ui-testing";
		};
/* End PBXNativeTarget section */

/* Begin PBXProject section */
		D0E0330B1C6B0B850025B7F8 /* Project object */ = {
			isa = PBXProject;
			attributes = {
				LastSwiftUpdateCheck = 0720;
				LastUpgradeCheck = 0720;
				ORGANIZATIONNAME = "SEKINE YURI";
				TargetAttributes = {
					D0E033121C6B0B850025B7F8 = {
						CreatedOnToolsVersion = 7.2.1;
					};
					D0E033261C6B0B860025B7F8 = {
						CreatedOnToolsVersion = 7.2.1;
						TestTargetID = D0E033121C6B0B850025B7F8;
					};
					D0E033311C6B0B860025B7F8 = {
						CreatedOnToolsVersion = 7.2.1;
						TestTargetID = D0E033121C6B0B850025B7F8;
					};
				};
			};
			buildConfigurationList = D0E0330E1C6B0B850025B7F8 /* Build configuration list for PBXProject "WordList" */;
			compatibilityVersion = "Xcode 3.2";
			developmentRegion = English;
			hasScannedForEncodings = 0;
			knownRegions = (
				en,
				Base,
			);
			mainGroup = D0E0330A1C6B0B850025B7F8;
			productRefGroup = D0E033141C6B0B850025B7F8 /* Products */;
			projectDirPath = "";
			projectRoot = "";
			targets = (
				D0E033121C6B0B850025B7F8 /* WordList */,
				D0E033261C6B0B860025B7F8 /* WordListTests */,
				D0E033311C6B0B860025B7F8 /* WordListUITests */,
			);
		};
/* End PBXProject section */

/* Begin PBXResourcesBuildPhase section */
		D0E033111C6B0B850025B7F8 /* Resources */ = {
			isa = PBXResourcesBuildPhase;
			buildActionMask = 2147483647;
			files = (
				D0E033211C6B0B860025B7F8 /* LaunchScreen.storyboard in Resources */,
				D0E0331E1C6B0B860025B7F8 /* Assets.xcassets in Resources */,
				D0E0331C1C6B0B860025B7F8 /* Main.storyboard in Resources */,
			);
			runOnlyForDeploymentPostprocessing = 0;
		};
		D0E033251C6B0B860025B7F8 /* Resources */ = {
			isa = PBXResourcesBuildPhase;
			buildActionMask = 2147483647;
			files = (
			);
			runOnlyForDeploymentPostprocessing = 0;
		};
		D0E033301C6B0B860025B7F8 /* Resources */ = {
			isa = PBXResourcesBuildPhase;
			buildActionMask = 2147483647;
			files = (
			);
			runOnlyForDeploymentPostprocessing = 0;
		};
/* End PBXResourcesBuildPhase section */

/* Begin PBXSourcesBuildPhase section */
		D0E0330F1C6B0B850025B7F8 /* Sources */ = {
			isa = PBXSourcesBuildPhase;
			buildActionMask = 2147483647;
			files = (
				D0E033191C6B0B850025B7F8 /* ViewController.swift in Sources */,
				D0E033171C6B0B850025B7F8 /* AppDelegate.swift in Sources */,
			);
			runOnlyForDeploymentPostprocessing = 0;
		};
		D0E033231C6B0B860025B7F8 /* Sources */ = {
			isa = PBXSourcesBuildPhase;
			buildActionMask = 2147483647;
			files = (
				D0E0332C1C6B0B860025B7F8 /* WordListTests.swift in Sources */,
			);
			runOnlyForDeploymentPostprocessing = 0;
		};
		D0E0332E1C6B0B860025B7F8 /* Sources */ = {
			isa = PBXSourcesBuildPhase;
			buildActionMask = 2147483647;
			files = (
				D0E033371C6B0B860025B7F8 /* WordListUITests.swift in Sources */,
			);
			runOnlyForDeploymentPostprocessing = 0;
		};
/* End PBXSourcesBuildPhase section */

/* Begin PBXTargetDependency section */
		D0E033291C6B0B860025B7F8 /* PBXTargetDependency */ = {
			isa = PBXTargetDependency;
			target = D0E033121C6B0B850025B7F8 /* WordList */;
			targetProxy = D0E033281C6B0B860025B7F8 /* PBXContainerItemProxy */;
		};
		D0E033341C6B0B860025B7F8 /* PBXTargetDependency */ = {
			isa = PBXTargetDependency;
			target = D0E033121C6B0B850025B7F8 /* WordList */;
			targetProxy = D0E033331C6B0B860025B7F8 /* PBXContainerItemProxy */;
		};
/* End PBXTargetDependency section */

/* Begin PBXVariantGroup section */
		D0E0331A1C6B0B860025B7F8 /* Main.storyboard */ = {
			isa = PBXVariantGroup;
			children = (
				D0E0331B1C6B0B860025B7F8 /* Base */,
			);
			name = Main.storyboard;
			sourceTree = "<group>";
		};
		D0E0331F1C6B0B860025B7F8 /* LaunchScreen.storyboard */ = {
			isa = PBXVariantGroup;
			children = (
				D0E033201C6B0B860025B7F8 /* Base */,
			);
			name = LaunchScreen.storyboard;
			sourceTree = "<group>";
		};
/* End PBXVariantGroup section */

/* Begin XCBuildConfiguration section */
		D0E033391C6B0B860025B7F8 /* Debug */ = {
			isa = XCBuildConfiguration;
			buildSettings = {
				ALWAYS_SEARCH_USER_PATHS = NO;
				CLANG_CXX_LANGUAGE_STANDARD = "gnu++0x";
				CLANG_CXX_LIBRARY = "libc++";
				CLANG_ENABLE_MODULES = YES;
				CLANG_ENABLE_OBJC_ARC = YES;
				CLANG_WARN_BOOL_CONVERSION = YES;
				CLANG_WARN_CONSTANT_CONVERSION = YES;
				CLANG_WARN_DIRECT_OBJC_ISA_USAGE = YES_ERROR;
				CLANG_WARN_EMPTY_BODY = YES;
				CLANG_WARN_ENUM_CONVERSION = YES;
				CLANG_WARN_INT_CONVERSION = YES;
				CLANG_WARN_OBJC_ROOT_CLASS = YES_ERROR;
				CLANG_WARN_UNREACHABLE_CODE = YES;
				CLANG_WARN__DUPLICATE_METHOD_MATCH = YES;
				"CODE_SIGN_IDENTITY[sdk=iphoneos*]" = "iPhone Developer";
				COPY_PHASE_STRIP = NO;
				DEBUG_INFORMATION_FORMAT = dwarf;
				ENABLE_STRICT_OBJC_MSGSEND = YES;
				ENABLE_TESTABILITY = YES;
				GCC_C_LANGUAGE_STANDARD = gnu99;
				GCC_DYNAMIC_NO_PIC = NO;
				GCC_NO_COMMON_BLOCKS = YES;
				GCC_OPTIMIZATION_LEVEL = 0;
				GCC_PREPROCESSOR_DEFINITIONS = (
					"DEBUG=1",
					"$(inherited)",
				);
				GCC_WARN_64_TO_32_BIT_CONVERSION = YES;
				GCC_WARN_ABOUT_RETURN_TYPE = YES_ERROR;
				GCC_WARN_UNDECLARED_SELECTOR = YES;
				GCC_WARN_UNINITIALIZED_AUTOS = YES_AGGRESSIVE;
				GCC_WARN_UNUSED_FUNCTION = YES;
				GCC_WARN_UNUSED_VARIABLE = YES;
				IPHONEOS_DEPLOYMENT_TARGET = 9.2;
				MTL_ENABLE_DEBUG_INFO = YES;
				ONLY_ACTIVE_ARCH = YES;
				SDKROOT = iphoneos;
				SWIFT_OPTIMIZATION_LEVEL = "-Onone";
			};
			name = Debug;
		};
		D0E0333A1C6B0B860025B7F8 /* Release */ = {
			isa = XCBuildConfiguration;
			buildSettings = {
				ALWAYS_SEARCH_USER_PATHS = NO;
				CLANG_CXX_LANGUAGE_STANDARD = "gnu++0x";
				CLANG_CXX_LIBRARY = "libc++";
				CLANG_ENABLE_MODULES = YES;
				CLANG_ENABLE_OBJC_ARC = YES;
				CLANG_WARN_BOOL_CONVERSION = YES;
				CLANG_WARN_CONSTANT_CONVERSION = YES;
				CLANG_WARN_DIRECT_OBJC_ISA_USAGE = YES_ERROR;
				CLANG_WARN_EMPTY_BODY = YES;
				CLANG_WARN_ENUM_CONVERSION = YES;
				CLANG_WARN_INT_CONVERSION = YES;
				CLANG_WARN_OBJC_ROOT_CLASS = YES_ERROR;
				CLANG_WARN_UNREACHABLE_CODE = YES;
				CLANG_WARN__DUPLICATE_METHOD_MATCH = YES;
				"CODE_SIGN_IDENTITY[sdk=iphoneos*]" = "iPhone Developer";
				COPY_PHASE_STRIP = NO;
				DEBUG_INFORMATION_FORMAT = "dwarf-with-dsym";
				ENABLE_NS_ASSERTIONS = NO;
				ENABLE_STRICT_OBJC_MSGSEND = YES;
				GCC_C_LANGUAGE_STANDARD = gnu99;
				GCC_NO_COMMON_BLOCKS = YES;
				GCC_WARN_64_TO_32_BIT_CONVERSION = YES;
				GCC_WARN_ABOUT_RETURN_TYPE = YES_ERROR;
				GCC_WARN_UNDECLARED_SELECTOR = YES;
				GCC_WARN_UNINITIALIZED_AUTOS = YES_AGGRESSIVE;
				GCC_WARN_UNUSED_FUNCTION = YES;
				GCC_WARN_UNUSED_VARIABLE = YES;
				IPHONEOS_DEPLOYMENT_TARGET = 9.2;
				MTL_ENABLE_DEBUG_INFO = NO;
				SDKROOT = iphoneos;
				VALIDATE_PRODUCT = YES;
			};
			name = Release;
		};
		D0E0333C1C6B0B860025B7F8 /* Debug */ = {
			isa = XCBuildConfiguration;
			buildSettings = {
				ASSETCATALOG_COMPILER_APPICON_NAME = AppIcon;
				INFOPLIST_FILE = WordList/Info.plist;
				LD_RUNPATH_SEARCH_PATHS = "$(inherited) @executable_path/Frameworks";
				PRODUCT_BUNDLE_IDENTIFIER = com.sekine.WordList;
				PRODUCT_NAME = "$(TARGET_NAME)";
			};
			name = Debug;
		};
		D0E0333D1C6B0B860025B7F8 /* Release */ = {
			isa = XCBuildConfiguration;
			buildSettings = {
				ASSETCATALOG_COMPILER_APPICON_NAME = AppIcon;
				INFOPLIST_FILE = WordList/Info.plist;
				LD_RUNPATH_SEARCH_PATHS = "$(inherited) @executable_path/Frameworks";
				PRODUCT_BUNDLE_IDENTIFIER = com.sekine.WordList;
				PRODUCT_NAME = "$(TARGET_NAME)";
			};
			name = Release;
		};
		D0E0333F1C6B0B860025B7F8 /* Debug */ = {
			isa = XCBuildConfiguration;
			buildSettings = {
				BUNDLE_LOADER = "$(TEST_HOST)";
				INFOPLIST_FILE = WordListTests/Info.plist;
				LD_RUNPATH_SEARCH_PATHS = "$(inherited) @executable_path/Frameworks @loader_path/Frameworks";
				PRODUCT_BUNDLE_IDENTIFIER = com.sekine.WordListTests;
				PRODUCT_NAME = "$(TARGET_NAME)";
				TEST_HOST = "$(BUILT_PRODUCTS_DIR)/WordList.app/WordList";
			};
			name = Debug;
		};
		D0E033401C6B0B860025B7F8 /* Release */ = {
			isa = XCBuildConfiguration;
			buildSettings = {
				BUNDLE_LOADER = "$(TEST_HOST)";
				INFOPLIST_FILE = WordListTests/Info.plist;
				LD_RUNPATH_SEARCH_PATHS = "$(inherited) @executable_path/Frameworks @loader_path/Frameworks";
				PRODUCT_BUNDLE_IDENTIFIER = com.sekine.WordListTests;
				PRODUCT_NAME = "$(TARGET_NAME)";
				TEST_HOST = "$(BUILT_PRODUCTS_DIR)/WordList.app/WordList";
			};
			name = Release;
		};
		D0E033421C6B0B860025B7F8 /* Debug */ = {
			isa = XCBuildConfiguration;
			buildSettings = {
				INFOPLIST_FILE = WordListUITests/Info.plist;
				LD_RUNPATH_SEARCH_PATHS = "$(inherited) @executable_path/Frameworks @loader_path/Frameworks";
				PRODUCT_BUNDLE_IDENTIFIER = com.sekine.WordListUITests;
				PRODUCT_NAME = "$(TARGET_NAME)";
				TEST_TARGET_NAME = WordList;
				USES_XCTRUNNER = YES;
			};
			name = Debug;
		};
		D0E033431C6B0B860025B7F8 /* Release */ = {
			isa = XCBuildConfiguration;
			buildSettings = {
				INFOPLIST_FILE = WordListUITests/Info.plist;
				LD_RUNPATH_SEARCH_PATHS = "$(inherited) @executable_path/Frameworks @loader_path/Frameworks";
				PRODUCT_BUNDLE_IDENTIFIER = com.sekine.WordListUITests;
				PRODUCT_NAME = "$(TARGET_NAME)";
				TEST_TARGET_NAME = WordList;
				USES_XCTRUNNER = YES;
			};
			name = Release;
		};
/* End XCBuildConfiguration section */

/* Begin XCConfigurationList section */
		D0E0330E1C6B0B850025B7F8 /* Build configuration list for PBXProject "WordList" */ = {
			isa = XCConfigurationList;
			buildConfigurations = (
				D0E033391C6B0B860025B7F8 /* Debug */,
				D0E0333A1C6B0B860025B7F8 /* Release */,
			);
			defaultConfigurationIsVisible = 0;
			defaultConfigurationName = Release;
		};
		D0E0333B1C6B0B860025B7F8 /* Build configuration list for PBXNativeTarget "WordList" */ = {
			isa = XCConfigurationList;
			buildConfigurations = (
				D0E0333C1C6B0B860025B7F8 /* Debug */,
				D0E0333D1C6B0B860025B7F8 /* Release */,
			);
			defaultConfigurationIsVisible = 0;
		};
		D0E0333E1C6B0B860025B7F8 /* Build configuration list for PBXNativeTarget "WordListTests" */ = {
			isa = XCConfigurationList;
			buildConfigurations = (
				D0E0333F1C6B0B860025B7F8 /* Debug */,
				D0E033401C6B0B860025B7F8 /* Release */,
			);
			defaultConfigurationIsVisible = 0;
		};
		D0E033411C6B0B860025B7F8 /* Build configuration list for PBXNativeTarget "WordListUITests" */ = {
			isa = XCConfigurationList;
			buildConfigurations = (
				D0E033421C6B0B860025B7F8 /* Debug */,
				D0E033431C6B0B860025B7F8 /* Release */,
			);
			defaultConfigurationIsVisible = 0;
		};
/* End XCConfigurationList section */
	};
	rootObject = D0E0330B1C6B0B850025B7F8 /* Project object */;
}
